
Microsoft Visual Studio Solution File, Format Version 12.00
# Visual Studio 15
VisualStudioVersion = 15.0.27428.2011
MinimumVisualStudioVersion = 10.0.40219.1
Project("{8BC9CEB8-8B4A-11D0-8D11-00A0C91BC942}") = "MemoryTest", "MemoryTest\MemoryTest.vcxproj", "{DBFDD123-1F32-485E-9810-4028AB7841B9}"
EndProject
Global
	GlobalSection(SolutionConfigurationPlatforms) = preSolution
		Debug|x64 = Debug|x64
		Debug|x86 = Debug|x86
		Release|x64 = Release|x64
		Release|x86 = Release|x86
	EndGlobalSection
	GlobalSection(ProjectConfigurationPlatforms) = postSolution
		{DBFDD123-1F32-485E-9810-4028AB7841B9}.Debug|x64.ActiveCfg = Debug|x64
		{DBFDD123-1F32-485E-9810-4028AB7841B9}.Debug|x64.Build.0 = Debug|x64
		{DBFDD123-1F32-485E-9810-4028AB7841B9}.Debug|x86.ActiveCfg = Debug|Win32
		{DBFDD123-1F32-485E-9810-4028AB7841B9}.Debug|x86.Build.0 = Debug|Win32
		{DBFDD123-1F32-485E-9810-4028AB7841B9}.Release|x64.ActiveCfg = Release|x64
		{DBFDD123-1F32-485E-9810-4028AB7841B9}.Release|x64.Build.0 = Release|x64
		{DBFDD123-1F32-485E-9810-4028AB7841B9}.Release|x86.ActiveCfg = Release|Win32
		{DBFDD123-1F32-485E-9810-4028AB7841B9}.Release|x86.Build.0 = Release|Win32
	EndGlobalSection
	GlobalSection(SolutionProperties) = preSolution
		HideSolutionNode = FALSE
	EndGlobalSection
	GlobalSection(ExtensibilityGlobals) = postSolution
		SolutionGuid = {04CFEACC-ACF3-4F18-A42B-C7C8FA347F29}
	EndGlobalSection
EndGlobal
